// !$*UTF8*$!
{
	archiveVersion = 1;
	classes = {
	};
	objectVersion = 46;
	objects = {

/* Begin PBXBuildFile section */
		23E0CE001CB4E01A000EEFF2 /* AppDelegate.swift in Sources */ = {isa = PBXBuildFile; fileRef = 23E0CDFF1CB4E01A000EEFF2 /* AppDelegate.swift */; };
		23E0CE051CB4E01A000EEFF2 /* Main.storyboard in Resources */ = {isa = PBXBuildFile; fileRef = 23E0CE031CB4E01A000EEFF2 /* Main.storyboard */; };
		23E0CE071CB4E01A000EEFF2 /* Assets.xcassets in Resources */ = {isa = PBXBuildFile; fileRef = 23E0CE061CB4E01A000EEFF2 /* Assets.xcassets */; };
		23E0CE0A1CB4E01A000EEFF2 /* LaunchScreen.storyboard in Resources */ = {isa = PBXBuildFile; fileRef = 23E0CE081CB4E01A000EEFF2 /* LaunchScreen.storyboard */; };
		23E0CE121CB4E97A000EEFF2 /* PinCollectionViewCell.swift in Sources */ = {isa = PBXBuildFile; fileRef = 23E0CE111CB4E97A000EEFF2 /* PinCollectionViewCell.swift */; };
		23E0CE141CB4E9BD000EEFF2 /* PinCollectionViewController.swift in Sources */ = {isa = PBXBuildFile; fileRef = 23E0CE131CB4E9BD000EEFF2 /* PinCollectionViewController.swift */; };
		23E0CE161CB4F339000EEFF2 /* SMNetwork.swift in Sources */ = {isa = PBXBuildFile; fileRef = 23E0CE151CB4F339000EEFF2 /* SMNetwork.swift */; };
		23E0CE191CB4F466000EEFF2 /* Pin.swift in Sources */ = {isa = PBXBuildFile; fileRef = 23E0CE181CB4F466000EEFF2 /* Pin.swift */; };
		23FFCDEE1CCCEF71003CCAC8 /* PinViewModel.swift in Sources */ = {isa = PBXBuildFile; fileRef = 23FFCDED1CCCEF70003CCAC8 /* PinViewModel.swift */; };
/* End PBXBuildFile section */

/* Begin PBXFileReference section */
		23E0CDFC1CB4E01A000EEFF2 /* PinterestV2.app */ = {isa = PBXFileReference; explicitFileType = wrapper.application; includeInIndex = 0; path = PinterestV2.app; sourceTree = BUILT_PRODUCTS_DIR; };
		23E0CDFF1CB4E01A000EEFF2 /* AppDelegate.swift */ = {isa = PBXFileReference; lastKnownFileType = sourcecode.swift; path = AppDelegate.swift; sourceTree = "<group>"; };
		23E0CE041CB4E01A000EEFF2 /* Base */ = {isa = PBXFileReference; lastKnownFileType = file.storyboard; name = Base; path = Base.lproj/Main.storyboard; sourceTree = "<group>"; };
		23E0CE061CB4E01A000EEFF2 /* Assets.xcassets */ = {isa = PBXFileReference; lastKnownFileType = folder.assetcatalog; path = Assets.xcassets; sourceTree = "<group>"; };
		23E0CE091CB4E01A000EEFF2 /* Base */ = {isa = PBXFileReference; lastKnownFileType = file.storyboard; name = Base; path = Base.lproj/LaunchScreen.storyboard; sourceTree = "<group>"; };
		23E0CE0B1CB4E01A000EEFF2 /* Info.plist */ = {isa = PBXFileReference; lastKnownFileType = text.plist.xml; path = Info.plist; sourceTree = "<group>"; };
		23E0CE111CB4E97A000EEFF2 /* PinCollectionViewCell.swift */ = {isa = PBXFileReference; fileEncoding = 4; lastKnownFileType = sourcecode.swift; path = PinCollectionViewCell.swift; sourceTree = "<group>"; };
		23E0CE131CB4E9BD000EEFF2 /* PinCollectionViewController.swift */ = {isa = PBXFileReference; fileEncoding = 4; lastKnownFileType = sourcecode.swift; path = PinCollectionViewController.swift; sourceTree = "<group>"; };
		23E0CE151CB4F339000EEFF2 /* SMNetwork.swift */ = {isa = PBXFileReference; fileEncoding = 4; lastKnownFileType = sourcecode.swift; name = SMNetwork.swift; path = SMNetwork/SMNetwork.swift; sourceTree = "<group>"; };
		23E0CE181CB4F466000EEFF2 /* Pin.swift */ = {isa = PBXFileReference; fileEncoding = 4; lastKnownFileType = sourcecode.swift; path = Pin.swift; sourceTree = "<group>"; };
		23FFCDED1CCCEF70003CCAC8 /* PinViewModel.swift */ = {isa = PBXFileReference; fileEncoding = 4; lastKnownFileType = sourcecode.swift; path = PinViewModel.swift; sourceTree = "<group>"; };
/* End PBXFileReference section */

/* Begin PBXFrameworksBuildPhase section */
		23E0CDF91CB4E01A000EEFF2 /* Frameworks */ = {
			isa = PBXFrameworksBuildPhase;
			buildActionMask = 2147483647;
			files = (
			);
			runOnlyForDeploymentPostprocessing = 0;
		};
/* End PBXFrameworksBuildPhase section */

/* Begin PBXGroup section */
		23E0CDF31CB4E01A000EEFF2 = {
			isa = PBXGroup;
			children = (
				23E0CDFE1CB4E01A000EEFF2 /* PinterestV2 */,
				23E0CDFD1CB4E01A000EEFF2 /* Products */,
			);
			sourceTree = "<group>";
		};
		23E0CDFD1CB4E01A000EEFF2 /* Products */ = {
			isa = PBXGroup;
			children = (
				23E0CDFC1CB4E01A000EEFF2 /* PinterestV2.app */,
			);
			name = Products;
			sourceTree = "<group>";
		};
		23E0CDFE1CB4E01A000EEFF2 /* PinterestV2 */ = {
			isa = PBXGroup;
			children = (
				23E0CDFF1CB4E01A000EEFF2 /* AppDelegate.swift */,
				23E0CE181CB4F466000EEFF2 /* Pin.swift */,
				23FFCDED1CCCEF70003CCAC8 /* PinViewModel.swift */,
				23E0CE131CB4E9BD000EEFF2 /* PinCollectionViewController.swift */,
				23E0CE111CB4E97A000EEFF2 /* PinCollectionViewCell.swift */,
				23E0CE031CB4E01A000EEFF2 /* Main.storyboard */,
				23E0CE061CB4E01A000EEFF2 /* Assets.xcassets */,
				23E0CE081CB4E01A000EEFF2 /* LaunchScreen.storyboard */,
				23E0CE0B1CB4E01A000EEFF2 /* Info.plist */,
				23E0CE171CB4F33D000EEFF2 /* SMNetwork */,
			);
			path = PinterestV2;
			sourceTree = "<group>";
		};
		23E0CE171CB4F33D000EEFF2 /* SMNetwork */ = {
			isa = PBXGroup;
			children = (
				23E0CE151CB4F339000EEFF2 /* SMNetwork.swift */,
			);
			name = SMNetwork;
			sourceTree = "<group>";
		};
/* End PBXGroup section */

/* Begin PBXNativeTarget section */
		23E0CDFB1CB4E01A000EEFF2 /* PinterestV2 */ = {
			isa = PBXNativeTarget;
			buildConfigurationList = 23E0CE0E1CB4E01A000EEFF2 /* Build configuration list for PBXNativeTarget "PinterestV2" */;
			buildPhases = (
				23E0CDF81CB4E01A000EEFF2 /* Sources */,
				23E0CDF91CB4E01A000EEFF2 /* Frameworks */,
				23E0CDFA1CB4E01A000EEFF2 /* Resources */,
			);
			buildRules = (
			);
			dependencies = (
			);
			name = PinterestV2;
			productName = PinterestV2;
			productReference = 23E0CDFC1CB4E01A000EEFF2 /* PinterestV2.app */;
			productType = "com.apple.product-type.application";
		};
/* End PBXNativeTarget section */

/* Begin PBXProject section */
		23E0CDF41CB4E01A000EEFF2 /* Project object */ = {
			isa = PBXProject;
			attributes = {
				LastSwiftUpdateCheck = 0730;
				LastUpgradeCheck = 0730;
				ORGANIZATIONNAME = smuaz;
				TargetAttributes = {
					23E0CDFB1CB4E01A000EEFF2 = {
						CreatedOnToolsVersion = 7.3;
					};
				};
			};
			buildConfigurationList = 23E0CDF71CB4E01A000EEFF2 /* Build configuration list for PBXProject "PinterestV2" */;
			compatibilityVersion = "Xcode 3.2";
			developmentRegion = English;
			hasScannedForEncodings = 0;
			knownRegions = (
				en,
				Base,
			);
			mainGroup = 23E0CDF31CB4E01A000EEFF2;
			productRefGroup = 23E0CDFD1CB4E01A000EEFF2 /* Products */;
			projectDirPath = "";
			projectRoot = "";
			targets = (
				23E0CDFB1CB4E01A000EEFF2 /* PinterestV2 */,
			);
		};
/* End PBXProject section */

/* Begin PBXResourcesBuildPhase section */
		23E0CDFA1CB4E01A000EEFF2 /* Resources */ = {
			isa = PBXResourcesBuildPhase;
			buildActionMask = 2147483647;
			files = (
				23E0CE0A1CB4E01A000EEFF2 /* LaunchScreen.storyboard in Resources */,
				23E0CE071CB4E01A000EEFF2 /* Assets.xcassets in Resources */,
				23E0CE051CB4E01A000EEFF2 /* Main.storyboard in Resources */,
			);
			runOnlyForDeploymentPostprocessing = 0;
		};
/* End PBXResourcesBuildPhase section */

/* Begin PBXSourcesBuildPhase section */
		23E0CDF81CB4E01A000EEFF2 /* Sources */ = {
			isa = PBXSourcesBuildPhase;
			buildActionMask = 2147483647;
			files = (
				23E0CE191CB4F466000EEFF2 /* Pin.swift in Sources */,
				23E0CE161CB4F339000EEFF2 /* SMNetwork.swift in Sources */,
				23FFCDEE1CCCEF71003CCAC8 /* PinViewModel.swift in Sources */,
				23E0CE121CB4E97A000EEFF2 /* PinCollectionViewCell.swift in Sources */,
				23E0CE141CB4E9BD000EEFF2 /* PinCollectionViewController.swift in Sources */,
				23E0CE001CB4E01A000EEFF2 /* AppDelegate.swift in Sources */,
			);
			runOnlyForDeploymentPostprocessing = 0;
		};
/* End PBXSourcesBuildPhase section */

/* Begin PBXVariantGroup section */
		23E0CE031CB4E01A000EEFF2 /* Main.storyboard */ = {
			isa = PBXVariantGroup;
			children = (
				23E0CE041CB4E01A000EEFF2 /* Base */,
			);
			name = Main.storyboard;
			sourceTree = "<group>";
		};
		23E0CE081CB4E01A000EEFF2 /* LaunchScreen.storyboard */ = {
			isa = PBXVariantGroup;
			children = (
				23E0CE091CB4E01A000EEFF2 /* Base */,
			);
			name = LaunchScreen.storyboard;
			sourceTree = "<group>";
		};
/* End PBXVariantGroup section */

/* Begin XCBuildConfiguration section */
		23E0CE0C1CB4E01A000EEFF2 /* Debug */ = {
			isa = XCBuildConfiguration;
			buildSettings = {
				ALWAYS_SEARCH_USER_PATHS = NO;
				CLANG_ANALYZER_NONNULL = YES;
				CLANG_CXX_LANGUAGE_STANDARD = "gnu++0x";
				CLANG_CXX_LIBRARY = "libc++";
				CLANG_ENABLE_MODULES = YES;
				CLANG_ENABLE_OBJC_ARC = YES;
				CLANG_WARN_BOOL_CONVERSION = YES;
				CLANG_WARN_CONSTANT_CONVERSION = YES;
				CLANG_WARN_DIRECT_OBJC_ISA_USAGE = YES_ERROR;
				CLANG_WARN_EMPTY_BODY = YES;
				CLANG_WARN_ENUM_CONVERSION = YES;
				CLANG_WARN_INT_CONVERSION = YES;
				CLANG_WARN_OBJC_ROOT_CLASS = YES_ERROR;
				CLANG_WARN_UNREACHABLE_CODE = YES;
				CLANG_WARN__DUPLICATE_METHOD_MATCH = YES;
				"CODE_SIGN_IDENTITY[sdk=iphoneos*]" = "iPhone Developer";
				COPY_PHASE_STRIP = NO;
				DEBUG_INFORMATION_FORMAT = dwarf;
				ENABLE_STRICT_OBJC_MSGSEND = YES;
				ENABLE_TESTABILITY = YES;
				GCC_C_LANGUAGE_STANDARD = gnu99;
				GCC_DYNAMIC_NO_PIC = NO;
				GCC_NO_COMMON_BLOCKS = YES;
				GCC_OPTIMIZATION_LEVEL = 0;
				GCC_PREPROCESSOR_DEFINITIONS = (
					"DEBUG=1",
					"$(inherited)",
				);
				GCC_WARN_64_TO_32_BIT_CONVERSION = YES;
				GCC_WARN_ABOUT_RETURN_TYPE = YES_ERROR;
				GCC_WARN_UNDECLARED_SELECTOR = YES;
				GCC_WARN_UNINITIALIZED_AUTOS = YES_AGGRESSIVE;
				GCC_WARN_UNUSED_FUNCTION = YES;
				GCC_WARN_UNUSED_VARIABLE = YES;
				IPHONEOS_DEPLOYMENT_TARGET = 9.3;
				MTL_ENABLE_DEBUG_INFO = YES;
				ONLY_ACTIVE_ARCH = YES;
				SDKROOT = iphoneos;
				SWIFT_OPTIMIZATION_LEVEL = "-Onone";
			};
			name = Debug;
		};
		23E0CE0D1CB4E01A000EEFF2 /* Release */ = {
			isa = XCBuildConfiguration;
			buildSettings = {
				ALWAYS_SEARCH_USER_PATHS = NO;
				CLANG_ANALYZER_NONNULL = YES;
				CLANG_CXX_LANGUAGE_STANDARD = "gnu++0x";
				CLANG_CXX_LIBRARY = "libc++";
				CLANG_ENABLE_MODULES = YES;
				CLANG_ENABLE_OBJC_ARC = YES;
				CLANG_WARN_BOOL_CONVERSION = YES;
				CLANG_WARN_CONSTANT_CONVERSION = YES;
				CLANG_WARN_DIRECT_OBJC_ISA_USAGE = YES_ERROR;
				CLANG_WARN_EMPTY_BODY = YES;
				CLANG_WARN_ENUM_CONVERSION = YES;
				CLANG_WARN_INT_CONVERSION = YES;
				CLANG_WARN_OBJC_ROOT_CLASS = YES_ERROR;
				CLANG_WARN_UNREACHABLE_CODE = YES;
				CLANG_WARN__DUPLICATE_METHOD_MATCH = YES;
				"CODE_SIGN_IDENTITY[sdk=iphoneos*]" = "iPhone Developer";
				COPY_PHASE_STRIP = NO;
				DEBUG_INFORMATION_FORMAT = "dwarf-with-dsym";
				ENABLE_NS_ASSERTIONS = NO;
				ENABLE_STRICT_OBJC_MSGSEND = YES;
				GCC_C_LANGUAGE_STANDARD = gnu99;
				GCC_NO_COMMON_BLOCKS = YES;
				GCC_WARN_64_TO_32_BIT_CONVERSION = YES;
				GCC_WARN_ABOUT_RETURN_TYPE = YES_ERROR;
				GCC_WARN_UNDECLARED_SELECTOR = YES;
				GCC_WARN_UNINITIALIZED_AUTOS = YES_AGGRESSIVE;
				GCC_WARN_UNUSED_FUNCTION = YES;
				GCC_WARN_UNUSED_VARIABLE = YES;
				IPHONEOS_DEPLOYMENT_TARGET = 9.3;
				MTL_ENABLE_DEBUG_INFO = NO;
				SDKROOT = iphoneos;
				VALIDATE_PRODUCT = YES;
			};
			name = Release;
		};
		23E0CE0F1CB4E01A000EEFF2 /* Debug */ = {
			isa = XCBuildConfiguration;
			buildSettings = {
				ASSETCATALOG_COMPILER_APPICON_NAME = AppIcon;
				INFOPLIST_FILE = PinterestV2/Info.plist;
				IPHONEOS_DEPLOYMENT_TARGET = 8.0;
				LD_RUNPATH_SEARCH_PATHS = "$(inherited) @executable_path/Frameworks";
				PRODUCT_BUNDLE_IDENTIFIER = com.smuaz.PinterestV2;
				PRODUCT_NAME = "$(TARGET_NAME)";
			};
			name = Debug;
		};
		23E0CE101CB4E01A000EEFF2 /* Release */ = {
			isa = XCBuildConfiguration;
			buildSettings = {
				ASSETCATALOG_COMPILER_APPICON_NAME = AppIcon;
				INFOPLIST_FILE = PinterestV2/Info.plist;
				IPHONEOS_DEPLOYMENT_TARGET = 8.0;
				LD_RUNPATH_SEARCH_PATHS = "$(inherited) @executable_path/Frameworks";
				PRODUCT_BUNDLE_IDENTIFIER = com.smuaz.PinterestV2;
				PRODUCT_NAME = "$(TARGET_NAME)";
			};
			name = Release;
		};
/* End XCBuildConfiguration section */

/* Begin XCConfigurationList section */
		23E0CDF71CB4E01A000EEFF2 /* Build configuration list for PBXProject "PinterestV2" */ = {
			isa = XCConfigurationList;
			buildConfigurations = (
				23E0CE0C1CB4E01A000EEFF2 /* Debug */,
				23E0CE0D1CB4E01A000EEFF2 /* Release */,
			);
			defaultConfigurationIsVisible = 0;
			defaultConfigurationName = Release;
		};
		23E0CE0E1CB4E01A000EEFF2 /* Build configuration list for PBXNativeTarget "PinterestV2" */ = {
			isa = XCConfigurationList;
			buildConfigurations = (
				23E0CE0F1CB4E01A000EEFF2 /* Debug */,
				23E0CE101CB4E01A000EEFF2 /* Release */,
			);
			defaultConfigurationIsVisible = 0;
			defaultConfigurationName = Release;
		};
/* End XCConfigurationList section */
	};
	rootObject = 23E0CDF41CB4E01A000EEFF2 /* Project object */;
}
